
Microsoft Visual Studio Solution File, Format Version 12.00
# Visual Studio 15
VisualStudioVersion = 15.0.27703.2035
MinimumVisualStudioVersion = 10.0.40219.1
Project("{FAE04EC0-301F-11D3-BF4B-00C04F79EFBC}") = "ZipPlanner", "ZipPlanner\ZipPlanner.csproj", "{2CD8AEF5-874E-4225-8152-571575B93A68}"
EndProject
Global
	GlobalSection(SolutionConfigurationPlatforms) = preSolution
		Debug|Any CPU = Debug|Any CPU
		Release|Any CPU = Release|Any CPU
	EndGlobalSection
	GlobalSection(ProjectConfigurationPlatforms) = postSolution
		{2CD8AEF5-874E-4225-8152-571575B93A68}.Debug|Any CPU.ActiveCfg = Debug|Any CPU
		{2CD8AEF5-874E-4225-8152-571575B93A68}.Debug|Any CPU.Build.0 = Debug|Any CPU
		{2CD8AEF5-874E-4225-8152-571575B93A68}.Release|Any CPU.ActiveCfg = Release|Any CPU
		{2CD8AEF5-874E-4225-8152-571575B93A68}.Release|Any CPU.Build.0 = Release|Any CPU
	EndGlobalSection
	GlobalSection(SolutionProperties) = preSolution
		HideSolutionNode = FALSE
	EndGlobalSection
	GlobalSection(ExtensibilityGlobals) = postSolution
		SolutionGuid = {552B3D98-C661-4FDA-B1A5-2C47F8B427AA}
	EndGlobalSection
EndGlobal
